<?xml version="1.0" encoding="utf-8"?>
<Project ToolsVersion="4.0" xmlns="http://schemas.microsoft.com/developer/msbuild/2003">
  <ItemGroup>
    <Filter Include="Common">
      <UniqueIdentifier>4f03bdba-ab83-4b75-a072-8805b2120ee5</UniqueIdentifier>
    </Filter>
    <Filter Include="Assets">
      <UniqueIdentifier>6ff99a5d-e2fa-4667-b05d-06117f75d47c</UniqueIdentifier>
      <Extensions>bmp;fbx;gif;jpg;jpeg;tga;tiff;tif;png</Extensions>
    </Filter>
    <Filter Include="Content">
      <UniqueIdentifier>b970a351-b439-4c62-94ae-dadeb0c57c98</UniqueIdentifier>
    </Filter>
    <Image Include="Assets\Logo.png">
      <Filter>Assets</Filter>
    </Image>
    <Image Include="Assets\SmallLogo.png">
      <Filter>Assets</Filter>
    </Image>
    <Image Include="Assets\StoreLogo.png">
      <Filter>Assets</Filter>
    </Image>
    <Image Include="Assets\SplashScreen.png">
      <Filter>Assets</Filter>
    </Image>
  </ItemGroup>
  <ItemGroup>
    <ClCompile Include="pch.cpp" />
    <ClCompile Include="App.cpp" />
    <ClCompile Include="Game.cpp" />
  </ItemGroup>
  <ItemGroup>
    <ClInclude Include="pch.h" />
    <ClInclude Include="Game.h" />
  </ItemGroup>
  <ItemGroup>
    <AppxManifest Include="Package.appxmanifest" />
  </ItemGroup>
  <ItemGroup>
    <None Include="App3_TemporaryKey.pfx" />
  </ItemGroup>
  <ItemGroup>
    <FxCompile Include="PixelShader.hlsl" />
    <FxCompile Include="VertexShader.hlsl" />
  </ItemGroup>
</Project>